{
  "name": "backend",
  "lockfileVersion": 3,
  "requires": true,
  "packages": {
    "": {
      "dependencies": {
        "express-rate-limit": "^7.5.0"
      }
    },
    "node_modules/express-rate-limit": {
      "version": "7.5.0",
      "resolved": "https://registry.npmjs.org/express-rate-limit/-/express-rate-limit-7.5.0.tgz",
      "integrity": "sha512-eB5zbQh5h+VenMPM3fh+nw1YExi5nMr6HUCR62ELSP11huvxm/Uir1H1QEyTkk5QX6A58pX6NmaTMceKZ0Eodg==",
      "engines": {
        "node": ">= 16"
      },
      "funding": {
        "url": "https://github.com/sponsors/express-rate-limit"
      },
      "peerDependencies": {
        "express": "^4.11 || 5 || ^5.0.0-beta.1"
      }
    }
  }
}
